
Microsoft Visual Studio Solution File, Format Version 12.00
# Visual Studio Version 17
VisualStudioVersion = 17.0.31903.59
MinimumVisualStudioVersion = 10.0.40219.1
Project("{FAE04EC0-301F-11D3-BF4B-00C04F79EFBC}") = "API", "API\API.csproj", "{369BE065-BF16-47AC-8B5C-6F1FAEEB1C6E}"
EndProject
Project("{FAE04EC0-301F-11D3-BF4B-00C04F79EFBC}") = "Application", "Application\Application.csproj", "{415A37F4-F140-4E0F-A9B0-2B4FC3361CC3}"
EndProject
Project("{FAE04EC0-301F-11D3-BF4B-00C04F79EFBC}") = "Domain", "Domain\Domain.csproj", "{803401FD-C201-41AD-9DDE-1FE888BFE98D}"
EndProject
Project("{FAE04EC0-301F-11D3-BF4B-00C04F79EFBC}") = "Persistence", "Persistence\Persistence.csproj", "{D2507FF6-0380-4654-8291-B15C1427D091}"
EndProject
Global
	GlobalSection(SolutionConfigurationPlatforms) = preSolution
		Debug|Any CPU = Debug|Any CPU
		Release|Any CPU = Release|Any CPU
	EndGlobalSection
	GlobalSection(SolutionProperties) = preSolution
		HideSolutionNode = FALSE
	EndGlobalSection
	GlobalSection(ProjectConfigurationPlatforms) = postSolution
		{369BE065-BF16-47AC-8B5C-6F1FAEEB1C6E}.Debug|Any CPU.ActiveCfg = Debug|Any CPU
		{369BE065-BF16-47AC-8B5C-6F1FAEEB1C6E}.Debug|Any CPU.Build.0 = Debug|Any CPU
		{369BE065-BF16-47AC-8B5C-6F1FAEEB1C6E}.Release|Any CPU.ActiveCfg = Release|Any CPU
		{369BE065-BF16-47AC-8B5C-6F1FAEEB1C6E}.Release|Any CPU.Build.0 = Release|Any CPU
		{415A37F4-F140-4E0F-A9B0-2B4FC3361CC3}.Debug|Any CPU.ActiveCfg = Debug|Any CPU
		{415A37F4-F140-4E0F-A9B0-2B4FC3361CC3}.Debug|Any CPU.Build.0 = Debug|Any CPU
		{415A37F4-F140-4E0F-A9B0-2B4FC3361CC3}.Release|Any CPU.ActiveCfg = Release|Any CPU
		{415A37F4-F140-4E0F-A9B0-2B4FC3361CC3}.Release|Any CPU.Build.0 = Release|Any CPU
		{803401FD-C201-41AD-9DDE-1FE888BFE98D}.Debug|Any CPU.ActiveCfg = Debug|Any CPU
		{803401FD-C201-41AD-9DDE-1FE888BFE98D}.Debug|Any CPU.Build.0 = Debug|Any CPU
		{803401FD-C201-41AD-9DDE-1FE888BFE98D}.Release|Any CPU.ActiveCfg = Release|Any CPU
		{803401FD-C201-41AD-9DDE-1FE888BFE98D}.Release|Any CPU.Build.0 = Release|Any CPU
		{D2507FF6-0380-4654-8291-B15C1427D091}.Debug|Any CPU.ActiveCfg = Debug|Any CPU
		{D2507FF6-0380-4654-8291-B15C1427D091}.Debug|Any CPU.Build.0 = Debug|Any CPU
		{D2507FF6-0380-4654-8291-B15C1427D091}.Release|Any CPU.ActiveCfg = Release|Any CPU
		{D2507FF6-0380-4654-8291-B15C1427D091}.Release|Any CPU.Build.0 = Release|Any CPU
	EndGlobalSection
EndGlobal
